
Microsoft Visual Studio Solution File, Format Version 12.00
# Visual Studio Version 17
VisualStudioVersion = 17.0.31903.59
MinimumVisualStudioVersion = 10.0.40219.1
Project("{FAE04EC0-301F-11D3-BF4B-00C04F79EFBC}") = "HoraX.BackEnd", "horax.backend\HoraX.BackEnd.csproj", "{F50095E2-A451-43C7-AD2F-61B3684006BB}"
EndProject
Project("{FAE04EC0-301F-11D3-BF4B-00C04F79EFBC}") = "HoraX.FrontEnd", "horax.frontend\HoraX.FrontEnd.csproj", "{06BBD229-B1F1-4652-842A-47281EC240D2}"
EndProject
Project("{FAE04EC0-301F-11D3-BF4B-00C04F79EFBC}") = "HoraX.Shared", "horax.shared\HoraX.Shared.csproj", "{353A9529-1566-42DA-BE3F-5E5A8C299061}"
EndProject
Project("{FAE04EC0-301F-11D3-BF4B-00C04F79EFBC}") = "GF.BackEnd", "..\GF\GF.BackEnd\GF.BackEnd.csproj", "{6183834D-C072-4A7B-8D6A-FADCC0B966BD}"
EndProject
Project("{FAE04EC0-301F-11D3-BF4B-00C04F79EFBC}") = "GF.Shared", "..\GF\GF.Shared\GF.Shared.csproj", "{F790A632-7D56-4FEB-8D29-DD701F582796}"
EndProject
Project("{FAE04EC0-301F-11D3-BF4B-00C04F79EFBC}") = "GF.FrontEnd", "..\GF\GF.FrontEnd\GF.FrontEnd.csproj", "{E1835A3E-6861-416E-9276-E6C4A90872C9}"
EndProject
Global
	GlobalSection(SolutionConfigurationPlatforms) = preSolution
		Debug|Any CPU = Debug|Any CPU
		Release|Any CPU = Release|Any CPU
	EndGlobalSection
	GlobalSection(SolutionProperties) = preSolution
		HideSolutionNode = FALSE
	EndGlobalSection
	GlobalSection(ProjectConfigurationPlatforms) = postSolution
		{F50095E2-A451-43C7-AD2F-61B3684006BB}.Debug|Any CPU.ActiveCfg = Debug|Any CPU
		{F50095E2-A451-43C7-AD2F-61B3684006BB}.Debug|Any CPU.Build.0 = Debug|Any CPU
		{F50095E2-A451-43C7-AD2F-61B3684006BB}.Release|Any CPU.ActiveCfg = Release|Any CPU
		{F50095E2-A451-43C7-AD2F-61B3684006BB}.Release|Any CPU.Build.0 = Release|Any CPU
		{06BBD229-B1F1-4652-842A-47281EC240D2}.Debug|Any CPU.ActiveCfg = Debug|Any CPU
		{06BBD229-B1F1-4652-842A-47281EC240D2}.Debug|Any CPU.Build.0 = Debug|Any CPU
		{06BBD229-B1F1-4652-842A-47281EC240D2}.Release|Any CPU.ActiveCfg = Release|Any CPU
		{06BBD229-B1F1-4652-842A-47281EC240D2}.Release|Any CPU.Build.0 = Release|Any CPU
		{353A9529-1566-42DA-BE3F-5E5A8C299061}.Debug|Any CPU.ActiveCfg = Debug|Any CPU
		{353A9529-1566-42DA-BE3F-5E5A8C299061}.Debug|Any CPU.Build.0 = Debug|Any CPU
		{353A9529-1566-42DA-BE3F-5E5A8C299061}.Release|Any CPU.ActiveCfg = Release|Any CPU
		{353A9529-1566-42DA-BE3F-5E5A8C299061}.Release|Any CPU.Build.0 = Release|Any CPU
		{6183834D-C072-4A7B-8D6A-FADCC0B966BD}.Debug|Any CPU.ActiveCfg = Debug|Any CPU
		{6183834D-C072-4A7B-8D6A-FADCC0B966BD}.Debug|Any CPU.Build.0 = Debug|Any CPU
		{6183834D-C072-4A7B-8D6A-FADCC0B966BD}.Release|Any CPU.ActiveCfg = Release|Any CPU
		{6183834D-C072-4A7B-8D6A-FADCC0B966BD}.Release|Any CPU.Build.0 = Release|Any CPU
		{F790A632-7D56-4FEB-8D29-DD701F582796}.Debug|Any CPU.ActiveCfg = Debug|Any CPU
		{F790A632-7D56-4FEB-8D29-DD701F582796}.Debug|Any CPU.Build.0 = Debug|Any CPU
		{F790A632-7D56-4FEB-8D29-DD701F582796}.Release|Any CPU.ActiveCfg = Release|Any CPU
		{F790A632-7D56-4FEB-8D29-DD701F582796}.Release|Any CPU.Build.0 = Release|Any CPU
		{E1835A3E-6861-416E-9276-E6C4A90872C9}.Debug|Any CPU.ActiveCfg = Debug|Any CPU
		{E1835A3E-6861-416E-9276-E6C4A90872C9}.Debug|Any CPU.Build.0 = Debug|Any CPU
		{E1835A3E-6861-416E-9276-E6C4A90872C9}.Release|Any CPU.ActiveCfg = Release|Any CPU
		{E1835A3E-6861-416E-9276-E6C4A90872C9}.Release|Any CPU.Build.0 = Release|Any CPU
	EndGlobalSection
EndGlobal
